
Microsoft Visual Studio Solution File, Format Version 12.00
# Visual Studio Version 17
VisualStudioVersion = 17.6.33829.357
MinimumVisualStudioVersion = 10.0.40219.1
Project("{FAE04EC0-301F-11D3-BF4B-00C04F79EFBC}") = "Jokes-App-MVC", "Jokes-App-MVC.csproj", "{5F7AAABA-465E-4DD6-A4B5-AF9F7CC3C4AF}"
EndProject
Global
	GlobalSection(SolutionConfigurationPlatforms) = preSolution
		Debug|Any CPU = Debug|Any CPU
		Release|Any CPU = Release|Any CPU
	EndGlobalSection
	GlobalSection(ProjectConfigurationPlatforms) = postSolution
		{5F7AAABA-465E-4DD6-A4B5-AF9F7CC3C4AF}.Debug|Any CPU.ActiveCfg = Debug|Any CPU
		{5F7AAABA-465E-4DD6-A4B5-AF9F7CC3C4AF}.Debug|Any CPU.Build.0 = Debug|Any CPU
		{5F7AAABA-465E-4DD6-A4B5-AF9F7CC3C4AF}.Release|Any CPU.ActiveCfg = Release|Any CPU
		{5F7AAABA-465E-4DD6-A4B5-AF9F7CC3C4AF}.Release|Any CPU.Build.0 = Release|Any CPU
	EndGlobalSection
	GlobalSection(SolutionProperties) = preSolution
		HideSolutionNode = FALSE
	EndGlobalSection
	GlobalSection(ExtensibilityGlobals) = postSolution
		SolutionGuid = {80F380B4-ECE3-4783-B009-02A52E736813}
	EndGlobalSection
EndGlobal
